
Microsoft Visual Studio Solution File, Format Version 12.00
# Visual Studio Version 17
VisualStudioVersion = 17.8.34330.188
MinimumVisualStudioVersion = 10.0.40219.1
Project("{FAE04EC0-301F-11D3-BF4B-00C04F79EFBC}") = "DL", "DL\DL.csproj", "{F5905C23-A57B-4851-B1FD-230F06613042}"
EndProject
Project("{FAE04EC0-301F-11D3-BF4B-00C04F79EFBC}") = "ML", "ML\ML.csproj", "{22E40DEC-47FF-49B7-94C8-6185F293960B}"
EndProject
Project("{FAE04EC0-301F-11D3-BF4B-00C04F79EFBC}") = "BL", "BL\BL.csproj", "{B849D35A-2F28-4D1E-A952-7466B81B26A4}"
EndProject
Project("{FAE04EC0-301F-11D3-BF4B-00C04F79EFBC}") = "SL", "SL\SL.csproj", "{B9BFA3C1-06D1-42D8-A493-37C2243102DA}"
EndProject
Global
	GlobalSection(SolutionConfigurationPlatforms) = preSolution
		Debug|Any CPU = Debug|Any CPU
		Release|Any CPU = Release|Any CPU
	EndGlobalSection
	GlobalSection(ProjectConfigurationPlatforms) = postSolution
		{F5905C23-A57B-4851-B1FD-230F06613042}.Debug|Any CPU.ActiveCfg = Debug|Any CPU
		{F5905C23-A57B-4851-B1FD-230F06613042}.Debug|Any CPU.Build.0 = Debug|Any CPU
		{F5905C23-A57B-4851-B1FD-230F06613042}.Release|Any CPU.ActiveCfg = Release|Any CPU
		{F5905C23-A57B-4851-B1FD-230F06613042}.Release|Any CPU.Build.0 = Release|Any CPU
		{22E40DEC-47FF-49B7-94C8-6185F293960B}.Debug|Any CPU.ActiveCfg = Debug|Any CPU
		{22E40DEC-47FF-49B7-94C8-6185F293960B}.Debug|Any CPU.Build.0 = Debug|Any CPU
		{22E40DEC-47FF-49B7-94C8-6185F293960B}.Release|Any CPU.ActiveCfg = Release|Any CPU
		{22E40DEC-47FF-49B7-94C8-6185F293960B}.Release|Any CPU.Build.0 = Release|Any CPU
		{B849D35A-2F28-4D1E-A952-7466B81B26A4}.Debug|Any CPU.ActiveCfg = Debug|Any CPU
		{B849D35A-2F28-4D1E-A952-7466B81B26A4}.Debug|Any CPU.Build.0 = Debug|Any CPU
		{B849D35A-2F28-4D1E-A952-7466B81B26A4}.Release|Any CPU.ActiveCfg = Release|Any CPU
		{B849D35A-2F28-4D1E-A952-7466B81B26A4}.Release|Any CPU.Build.0 = Release|Any CPU
		{B9BFA3C1-06D1-42D8-A493-37C2243102DA}.Debug|Any CPU.ActiveCfg = Debug|Any CPU
		{B9BFA3C1-06D1-42D8-A493-37C2243102DA}.Debug|Any CPU.Build.0 = Debug|Any CPU
		{B9BFA3C1-06D1-42D8-A493-37C2243102DA}.Release|Any CPU.ActiveCfg = Release|Any CPU
		{B9BFA3C1-06D1-42D8-A493-37C2243102DA}.Release|Any CPU.Build.0 = Release|Any CPU
	EndGlobalSection
	GlobalSection(SolutionProperties) = preSolution
		HideSolutionNode = FALSE
	EndGlobalSection
	GlobalSection(ExtensibilityGlobals) = postSolution
		SolutionGuid = {41EE22B9-5EA2-49A3-A543-335BFF48F324}
	EndGlobalSection
EndGlobal
